
Microsoft Visual Studio Solution File, Format Version 12.00
# Visual Studio Version 16
VisualStudioVersion = 16.0.30717.126
MinimumVisualStudioVersion = 10.0.40219.1
Project("{FAE04EC0-301F-11D3-BF4B-00C04F79EFBC}") = "BasketballServer", "BasketballServer\BasketballServer.csproj", "{8A41CEB3-88B5-4CE1-A427-3E54809A9F44}"
EndProject
Project("{FAE04EC0-301F-11D3-BF4B-00C04F79EFBC}") = "BasketballClientConsole", "BasketballClientConsole\BasketballClientConsole.csproj", "{BEEBAA3C-9B32-4B0E-99BD-C324F5CDAC03}"
EndProject
Global
	GlobalSection(SolutionConfigurationPlatforms) = preSolution
		Debug|Any CPU = Debug|Any CPU
		Release|Any CPU = Release|Any CPU
	EndGlobalSection
	GlobalSection(ProjectConfigurationPlatforms) = postSolution
		{8A41CEB3-88B5-4CE1-A427-3E54809A9F44}.Debug|Any CPU.ActiveCfg = Debug|Any CPU
		{8A41CEB3-88B5-4CE1-A427-3E54809A9F44}.Debug|Any CPU.Build.0 = Debug|Any CPU
		{8A41CEB3-88B5-4CE1-A427-3E54809A9F44}.Release|Any CPU.ActiveCfg = Release|Any CPU
		{8A41CEB3-88B5-4CE1-A427-3E54809A9F44}.Release|Any CPU.Build.0 = Release|Any CPU
		{BEEBAA3C-9B32-4B0E-99BD-C324F5CDAC03}.Debug|Any CPU.ActiveCfg = Debug|Any CPU
		{BEEBAA3C-9B32-4B0E-99BD-C324F5CDAC03}.Debug|Any CPU.Build.0 = Debug|Any CPU
		{BEEBAA3C-9B32-4B0E-99BD-C324F5CDAC03}.Release|Any CPU.ActiveCfg = Release|Any CPU
		{BEEBAA3C-9B32-4B0E-99BD-C324F5CDAC03}.Release|Any CPU.Build.0 = Release|Any CPU
	EndGlobalSection
	GlobalSection(SolutionProperties) = preSolution
		HideSolutionNode = FALSE
	EndGlobalSection
	GlobalSection(ExtensibilityGlobals) = postSolution
		SolutionGuid = {7C9D9A95-9C91-49AB-8303-F5B43AF0190F}
	EndGlobalSection
EndGlobal
